
Microsoft Visual Studio Solution File, Format Version 12.00
# Visual Studio Version 17
VisualStudioVersion = 17.4.33213.308
MinimumVisualStudioVersion = 10.0.40219.1
Project("{FAE04EC0-301F-11D3-BF4B-00C04F79EFBC}") = "Kafka.Example.API", "src\Kafka.Example.API\Kafka.Example.API.csproj", "{1BB57085-FC73-4D70-B0A1-ED253C3636A5}"
EndProject
Project("{FAE04EC0-301F-11D3-BF4B-00C04F79EFBC}") = "MessageBus", "src\MessageBus\MessageBus.csproj", "{668FC523-FC4B-400B-A978-3EA7D10ECEBB}"
EndProject
Global
	GlobalSection(SolutionConfigurationPlatforms) = preSolution
		Debug|Any CPU = Debug|Any CPU
		Release|Any CPU = Release|Any CPU
	EndGlobalSection
	GlobalSection(ProjectConfigurationPlatforms) = postSolution
		{1BB57085-FC73-4D70-B0A1-ED253C3636A5}.Debug|Any CPU.ActiveCfg = Debug|Any CPU
		{1BB57085-FC73-4D70-B0A1-ED253C3636A5}.Debug|Any CPU.Build.0 = Debug|Any CPU
		{1BB57085-FC73-4D70-B0A1-ED253C3636A5}.Release|Any CPU.ActiveCfg = Release|Any CPU
		{1BB57085-FC73-4D70-B0A1-ED253C3636A5}.Release|Any CPU.Build.0 = Release|Any CPU
		{668FC523-FC4B-400B-A978-3EA7D10ECEBB}.Debug|Any CPU.ActiveCfg = Debug|Any CPU
		{668FC523-FC4B-400B-A978-3EA7D10ECEBB}.Debug|Any CPU.Build.0 = Debug|Any CPU
		{668FC523-FC4B-400B-A978-3EA7D10ECEBB}.Release|Any CPU.ActiveCfg = Release|Any CPU
		{668FC523-FC4B-400B-A978-3EA7D10ECEBB}.Release|Any CPU.Build.0 = Release|Any CPU
	EndGlobalSection
	GlobalSection(SolutionProperties) = preSolution
		HideSolutionNode = FALSE
	EndGlobalSection
	GlobalSection(ExtensibilityGlobals) = postSolution
		SolutionGuid = {0FF4799D-4049-48B4-8F3E-BA7146001C91}
	EndGlobalSection
EndGlobal
